
Microsoft Visual Studio Solution File, Format Version 12.00
# Visual Studio Version 16
VisualStudioVersion = 16.0.29215.179
MinimumVisualStudioVersion = 10.0.40219.1
Project("{FAE04EC0-301F-11D3-BF4B-00C04F79EFBC}") = "Itse1430.Maze", "Itse1430.Maze\Itse1430.Maze.csproj", "{24294FCA-336A-4973-955C-F34A451B4DB5}"
EndProject
Global
	GlobalSection(SolutionConfigurationPlatforms) = preSolution
		Debug|Any CPU = Debug|Any CPU
		Release|Any CPU = Release|Any CPU
	EndGlobalSection
	GlobalSection(ProjectConfigurationPlatforms) = postSolution
		{24294FCA-336A-4973-955C-F34A451B4DB5}.Debug|Any CPU.ActiveCfg = Debug|Any CPU
		{24294FCA-336A-4973-955C-F34A451B4DB5}.Debug|Any CPU.Build.0 = Debug|Any CPU
		{24294FCA-336A-4973-955C-F34A451B4DB5}.Release|Any CPU.ActiveCfg = Release|Any CPU
		{24294FCA-336A-4973-955C-F34A451B4DB5}.Release|Any CPU.Build.0 = Release|Any CPU
	EndGlobalSection
	GlobalSection(SolutionProperties) = preSolution
		HideSolutionNode = FALSE
	EndGlobalSection
	GlobalSection(ExtensibilityGlobals) = postSolution
		SolutionGuid = {B9ACC49F-A650-4E8E-B987-9E2DFF876A30}
	EndGlobalSection
EndGlobal
